
Microsoft Visual Studio Solution File, Format Version 12.00
# Visual Studio Version 17
VisualStudioVersion = 17.12.35506.116 d17.12
MinimumVisualStudioVersion = 10.0.40219.1
Project("{FAE04EC0-301F-11D3-BF4B-00C04F79EFBC}") = "EsitDegildirOperatoru", "EsitDegildirOperatoru.csproj", "{CF304D80-505A-42BF-B504-FF1F11E44EEC}"
EndProject
Global
	GlobalSection(SolutionConfigurationPlatforms) = preSolution
		Debug|Any CPU = Debug|Any CPU
		Release|Any CPU = Release|Any CPU
	EndGlobalSection
	GlobalSection(ProjectConfigurationPlatforms) = postSolution
		{CF304D80-505A-42BF-B504-FF1F11E44EEC}.Debug|Any CPU.ActiveCfg = Debug|Any CPU
		{CF304D80-505A-42BF-B504-FF1F11E44EEC}.Debug|Any CPU.Build.0 = Debug|Any CPU
		{CF304D80-505A-42BF-B504-FF1F11E44EEC}.Release|Any CPU.ActiveCfg = Release|Any CPU
		{CF304D80-505A-42BF-B504-FF1F11E44EEC}.Release|Any CPU.Build.0 = Release|Any CPU
	EndGlobalSection
	GlobalSection(SolutionProperties) = preSolution
		HideSolutionNode = FALSE
	EndGlobalSection
EndGlobal
